
Microsoft Visual Studio Solution File, Format Version 12.00
# Visual Studio Version 16
VisualStudioVersion = 16.0.29326.143
MinimumVisualStudioVersion = 10.0.40219.1
Project("{FAE04EC0-301F-11D3-BF4B-00C04F79EFBC}") = "CatWebApp", "CatWebApp\CatWebApp.csproj", "{AA1195C4-D1A6-40A9-91DA-E87C64AE51B5}"
EndProject
Global
	GlobalSection(SolutionConfigurationPlatforms) = preSolution
		Debug|Any CPU = Debug|Any CPU
		Release|Any CPU = Release|Any CPU
	EndGlobalSection
	GlobalSection(ProjectConfigurationPlatforms) = postSolution
		{AA1195C4-D1A6-40A9-91DA-E87C64AE51B5}.Debug|Any CPU.ActiveCfg = Debug|Any CPU
		{AA1195C4-D1A6-40A9-91DA-E87C64AE51B5}.Debug|Any CPU.Build.0 = Debug|Any CPU
		{AA1195C4-D1A6-40A9-91DA-E87C64AE51B5}.Release|Any CPU.ActiveCfg = Release|Any CPU
		{AA1195C4-D1A6-40A9-91DA-E87C64AE51B5}.Release|Any CPU.Build.0 = Release|Any CPU
	EndGlobalSection
	GlobalSection(SolutionProperties) = preSolution
		HideSolutionNode = FALSE
	EndGlobalSection
	GlobalSection(ExtensibilityGlobals) = postSolution
		SolutionGuid = {2A7CF839-31C9-49AD-94F9-970135343643}
	EndGlobalSection
EndGlobal
